hash: 68429ad8f6817c49bf73d7344854340f40804e198dd1ececd58f3aebb6e6ebfb
updated: 2017-12-04T03:15:49.741332381+07:00
imports:
- name: github.com/cbonello/revel-csrf
  version: 4dd0f3c795bb32e987fe8eea7f13078581ada38d
- name: github.com/go-stack/stack
  version: 259ab82a6cad3992b4e21ff5cac294ccb06474bc
- name: github.com/inconshreveable/log15
  version: 0decfc6c20d9ca0ad143b0e89dcaa20f810b4fb3
  subpackages:
  - term
- name: github.com/jinzhu/gorm
  version: 0a51f6cdc55d1650d9ed3b4c13026cfa9133b01e
  subpackages:
  - dialects/postgres
  - yaml
- name: github.com/jinzhu/inflection
  version: 1c35d901db3da928c72a72d8458480cc9ade058f
- name: github.com/klauspost/compress
  version: ea08389e0dc46025380296f7dd04ab0e8de36adb
  subpackages:
  - flate
  - gzip
  - zlib
- name: github.com/klauspost/cpuid
  version: eae9b3e628d72774e13bdf024e78c0802f85a5b9
- name: github.com/lib/pq
  version: 83612a56d3dd153a94a629cd64925371c9adad78
  subpackages:
  - hstore
  - oid
- name: github.com/mattn/go-colorable
  version: 6fcc0c1fd9b620311d821b106a400b35dc95c497
- name: github.com/mattn/go-isatty
  version: 6ca4dbf54d38eea1a992b3c722a76a5d1c4cb25c
- name: github.com/revel/config
  version: 662332b741dd464a886ab0901379c02b9bc5dc30
- name: github.com/revel/log15
  version: f584bb43344d0e56dd39cfa904bdd8a911eeceb4
- name: github.com/revel/modules
  version: d5343789b6a44790fc84c5e0df69cd36f275d6b9
  subpackages:
  - static/app/controllers
  - testrunner/app
  - testrunner/app/controllers
- name: github.com/revel/pathtree
  version: 41257a1839e945fce74afd070e02bab2ea2c776a
- name: github.com/revel/revel
  version: 164f0cf561ac8046a994276fa417fc7f11863da5
  subpackages:
  - logger
  - testing
- name: github.com/xeonx/timeago
  version: 714e6695c468c22fb6431a914d8c5f9d19fa2367
- name: golang.org/x/crypto
  version: 94eea52f7b742c7cbe0b03b22f0c4c8631ece122
  subpackages:
  - bcrypt
  - blowfish
- name: golang.org/x/net
  version: a8b9294777976932365dabb6640cf1468d95c70f
  subpackages:
  - websocket
- name: golang.org/x/sys
  version: 8b4580aae2a0dd0c231a45d3ccb8434ff533b840
  subpackages:
  - unix
- name: gopkg.in/fsnotify.v1
  version: 629574ca2a5df945712d3079857300b5e4da0236
- name: gopkg.in/natefinch/lumberjack.v2
  version: a96e63847dc3c67d17befa69c303767e2f84e54f
testImports: []
